
Microsoft Visual Studio Solution File, Format Version 12.00
# Visual Studio Version 16
VisualStudioVersion = 16.0.31112.23
MinimumVisualStudioVersion = 10.0.40219.1
Project("{FAE04EC0-301F-11D3-BF4B-00C04F79EFBC}") = "MisterSpider", "MisterSpider\MisterSpider.csproj", "{0C410C0D-A15C-49F3-8E03-8AC2597B7DB7}"
EndProject
Project("{FAE04EC0-301F-11D3-BF4B-00C04F79EFBC}") = "SpiderDemo", "SpiderDemo\SpiderDemo.csproj", "{E68EC0BA-AF01-4139-8422-05755A9A4247}"
EndProject
Global
	GlobalSection(SolutionConfigurationPlatforms) = preSolution
		Debug|Any CPU = Debug|Any CPU
		Release|Any CPU = Release|Any CPU
	EndGlobalSection
	GlobalSection(ProjectConfigurationPlatforms) = postSolution
		{0C410C0D-A15C-49F3-8E03-8AC2597B7DB7}.Debug|Any CPU.ActiveCfg = Debug|Any CPU
		{0C410C0D-A15C-49F3-8E03-8AC2597B7DB7}.Debug|Any CPU.Build.0 = Debug|Any CPU
		{0C410C0D-A15C-49F3-8E03-8AC2597B7DB7}.Release|Any CPU.ActiveCfg = Release|Any CPU
		{0C410C0D-A15C-49F3-8E03-8AC2597B7DB7}.Release|Any CPU.Build.0 = Release|Any CPU
		{E68EC0BA-AF01-4139-8422-05755A9A4247}.Debug|Any CPU.ActiveCfg = Debug|Any CPU
		{E68EC0BA-AF01-4139-8422-05755A9A4247}.Debug|Any CPU.Build.0 = Debug|Any CPU
		{E68EC0BA-AF01-4139-8422-05755A9A4247}.Release|Any CPU.ActiveCfg = Release|Any CPU
		{E68EC0BA-AF01-4139-8422-05755A9A4247}.Release|Any CPU.Build.0 = Release|Any CPU
	EndGlobalSection
	GlobalSection(SolutionProperties) = preSolution
		HideSolutionNode = FALSE
	EndGlobalSection
	GlobalSection(ExtensibilityGlobals) = postSolution
		SolutionGuid = {8630F954-A891-45A2-9C58-FACD8D4A9BD6}
	EndGlobalSection
EndGlobal
